
Microsoft Visual Studio Solution File, Format Version 12.00
# Visual Studio Version 16
VisualStudioVersion = 16.0.30611.23
MinimumVisualStudioVersion = 10.0.40219.1
Project("{FAE04EC0-301F-11D3-BF4B-00C04F79EFBC}") = "ContestPlacesWithoutPoints", "ContestPlacesWithoutPoints.csproj", "{B4C0BC11-D816-4D46-83BF-F554B9EF360E}"
EndProject
Global
	GlobalSection(SolutionConfigurationPlatforms) = preSolution
		Debug|Any CPU = Debug|Any CPU
		Release|Any CPU = Release|Any CPU
	EndGlobalSection
	GlobalSection(ProjectConfigurationPlatforms) = postSolution
		{B4C0BC11-D816-4D46-83BF-F554B9EF360E}.Debug|Any CPU.ActiveCfg = Debug|Any CPU
		{B4C0BC11-D816-4D46-83BF-F554B9EF360E}.Debug|Any CPU.Build.0 = Debug|Any CPU
		{B4C0BC11-D816-4D46-83BF-F554B9EF360E}.Release|Any CPU.ActiveCfg = Release|Any CPU
		{B4C0BC11-D816-4D46-83BF-F554B9EF360E}.Release|Any CPU.Build.0 = Release|Any CPU
	EndGlobalSection
	GlobalSection(SolutionProperties) = preSolution
		HideSolutionNode = FALSE
	EndGlobalSection
	GlobalSection(ExtensibilityGlobals) = postSolution
		SolutionGuid = {27AB95CC-9368-4EC7-A41B-F83FED7A6878}
	EndGlobalSection
EndGlobal
